
Microsoft Visual Studio Solution File, Format Version 12.00
# Visual Studio Version 17
VisualStudioVersion = 17.12.35527.113 d17.12
MinimumVisualStudioVersion = 10.0.40219.1
Project("{FAE04EC0-301F-11D3-BF4B-00C04F79EFBC}") = "MaiorIdade", "MaiorIdade.csproj", "{F3BE7319-10A4-43A8-A47F-CE679111C271}"
EndProject
Global
	GlobalSection(SolutionConfigurationPlatforms) = preSolution
		Debug|Any CPU = Debug|Any CPU
		Release|Any CPU = Release|Any CPU
	EndGlobalSection
	GlobalSection(ProjectConfigurationPlatforms) = postSolution
		{F3BE7319-10A4-43A8-A47F-CE679111C271}.Debug|Any CPU.ActiveCfg = Debug|Any CPU
		{F3BE7319-10A4-43A8-A47F-CE679111C271}.Debug|Any CPU.Build.0 = Debug|Any CPU
		{F3BE7319-10A4-43A8-A47F-CE679111C271}.Release|Any CPU.ActiveCfg = Release|Any CPU
		{F3BE7319-10A4-43A8-A47F-CE679111C271}.Release|Any CPU.Build.0 = Release|Any CPU
	EndGlobalSection
	GlobalSection(SolutionProperties) = preSolution
		HideSolutionNode = FALSE
	EndGlobalSection
EndGlobal
